
Microsoft Visual Studio Solution File, Format Version 12.00
# Visual Studio Version 17
VisualStudioVersion = 17.8.34316.72
MinimumVisualStudioVersion = 10.0.40219.1
Project("{9A19103F-16F7-4668-BE54-9A1E7A4F7556}") = "GTP", "GTP.csproj", "{98493A21-6E16-488C-9AA0-EE9E878BF2AF}"
EndProject
Global
	GlobalSection(SolutionConfigurationPlatforms) = preSolution
		Debug|Any CPU = Debug|Any CPU
		Release|Any CPU = Release|Any CPU
	EndGlobalSection
	GlobalSection(ProjectConfigurationPlatforms) = postSolution
		{98493A21-6E16-488C-9AA0-EE9E878BF2AF}.Debug|Any CPU.ActiveCfg = Debug|Any CPU
		{98493A21-6E16-488C-9AA0-EE9E878BF2AF}.Debug|Any CPU.Build.0 = Debug|Any CPU
		{98493A21-6E16-488C-9AA0-EE9E878BF2AF}.Release|Any CPU.ActiveCfg = Release|Any CPU
		{98493A21-6E16-488C-9AA0-EE9E878BF2AF}.Release|Any CPU.Build.0 = Release|Any CPU
	EndGlobalSection
	GlobalSection(SolutionProperties) = preSolution
		HideSolutionNode = FALSE
	EndGlobalSection
	GlobalSection(ExtensibilityGlobals) = postSolution
		SolutionGuid = {D3F1CFF4-0FA6-4B7C-A67E-AD59A67A5194}
	EndGlobalSection
EndGlobal
